
Microsoft Visual Studio Solution File, Format Version 12.00
# Visual Studio 15
VisualStudioVersion = 15.0.27004.2009
MinimumVisualStudioVersion = 10.0.40219.1
Project("{FAE04EC0-301F-11D3-BF4B-00C04F79EFBC}") = "MilkCanvas Desktop", "MilkCanvas Desktop\MilkCanvas Desktop.csproj", "{F9DE8AF5-9645-4532-85F0-1DB67B57A2C7}"
EndProject
Project("{FAE04EC0-301F-11D3-BF4B-00C04F79EFBC}") = "MilkCanvas.Standard", "MilkStandard\MilkCanvas.Standard.csproj", "{427D0DA0-095D-454F-B55C-366746B470D4}"
EndProject
Global
	GlobalSection(SolutionConfigurationPlatforms) = preSolution
		Debug|Any CPU = Debug|Any CPU
		Release|Any CPU = Release|Any CPU
	EndGlobalSection
	GlobalSection(ProjectConfigurationPlatforms) = postSolution
		{F9DE8AF5-9645-4532-85F0-1DB67B57A2C7}.Debug|Any CPU.ActiveCfg = Debug|Any CPU
		{F9DE8AF5-9645-4532-85F0-1DB67B57A2C7}.Debug|Any CPU.Build.0 = Debug|Any CPU
		{F9DE8AF5-9645-4532-85F0-1DB67B57A2C7}.Release|Any CPU.ActiveCfg = Release|Any CPU
		{F9DE8AF5-9645-4532-85F0-1DB67B57A2C7}.Release|Any CPU.Build.0 = Release|Any CPU
		{427D0DA0-095D-454F-B55C-366746B470D4}.Debug|Any CPU.ActiveCfg = Debug|Any CPU
		{427D0DA0-095D-454F-B55C-366746B470D4}.Debug|Any CPU.Build.0 = Debug|Any CPU
		{427D0DA0-095D-454F-B55C-366746B470D4}.Release|Any CPU.ActiveCfg = Release|Any CPU
		{427D0DA0-095D-454F-B55C-366746B470D4}.Release|Any CPU.Build.0 = Release|Any CPU
	EndGlobalSection
	GlobalSection(SolutionProperties) = preSolution
		HideSolutionNode = FALSE
	EndGlobalSection
	GlobalSection(ExtensibilityGlobals) = postSolution
		SolutionGuid = {B92C06D7-AE0D-4F22-93E6-2F98F494D729}
	EndGlobalSection
EndGlobal
